
Microsoft Visual Studio Solution File, Format Version 12.00
# Visual Studio Version 17
VisualStudioVersion = 17.8.34525.116
MinimumVisualStudioVersion = 10.0.40219.1
Project("{FAE04EC0-301F-11D3-BF4B-00C04F79EFBC}") = "Week6Strings", "Week6Strings\Week6Strings.csproj", "{4BE4995F-4776-4E38-AFB0-8FFD09B07026}"
EndProject
Project("{FAE04EC0-301F-11D3-BF4B-00C04F79EFBC}") = "Arrays", "Arrays\Arrays.csproj", "{A0234B12-6B3A-4A56-B443-763CDC67CEE0}"
EndProject
Project("{FAE04EC0-301F-11D3-BF4B-00C04F79EFBC}") = "NumberArray", "NumberArray\NumberArray.csproj", "{2203D836-6029-4466-99B0-F627EA7D80BF}"
EndProject
Project("{FAE04EC0-301F-11D3-BF4B-00C04F79EFBC}") = "RandomElement", "RandomElement\RandomElement.csproj", "{C24B7BEF-8496-4DC6-98E8-163BE523B1D0}"
EndProject
Global
	GlobalSection(SolutionConfigurationPlatforms) = preSolution
		Debug|Any CPU = Debug|Any CPU
		Release|Any CPU = Release|Any CPU
	EndGlobalSection
	GlobalSection(ProjectConfigurationPlatforms) = postSolution
		{4BE4995F-4776-4E38-AFB0-8FFD09B07026}.Debug|Any CPU.ActiveCfg = Debug|Any CPU
		{4BE4995F-4776-4E38-AFB0-8FFD09B07026}.Debug|Any CPU.Build.0 = Debug|Any CPU
		{4BE4995F-4776-4E38-AFB0-8FFD09B07026}.Release|Any CPU.ActiveCfg = Release|Any CPU
		{4BE4995F-4776-4E38-AFB0-8FFD09B07026}.Release|Any CPU.Build.0 = Release|Any CPU
		{A0234B12-6B3A-4A56-B443-763CDC67CEE0}.Debug|Any CPU.ActiveCfg = Debug|Any CPU
		{A0234B12-6B3A-4A56-B443-763CDC67CEE0}.Debug|Any CPU.Build.0 = Debug|Any CPU
		{A0234B12-6B3A-4A56-B443-763CDC67CEE0}.Release|Any CPU.ActiveCfg = Release|Any CPU
		{A0234B12-6B3A-4A56-B443-763CDC67CEE0}.Release|Any CPU.Build.0 = Release|Any CPU
		{2203D836-6029-4466-99B0-F627EA7D80BF}.Debug|Any CPU.ActiveCfg = Debug|Any CPU
		{2203D836-6029-4466-99B0-F627EA7D80BF}.Debug|Any CPU.Build.0 = Debug|Any CPU
		{2203D836-6029-4466-99B0-F627EA7D80BF}.Release|Any CPU.ActiveCfg = Release|Any CPU
		{2203D836-6029-4466-99B0-F627EA7D80BF}.Release|Any CPU.Build.0 = Release|Any CPU
		{C24B7BEF-8496-4DC6-98E8-163BE523B1D0}.Debug|Any CPU.ActiveCfg = Debug|Any CPU
		{C24B7BEF-8496-4DC6-98E8-163BE523B1D0}.Debug|Any CPU.Build.0 = Debug|Any CPU
		{C24B7BEF-8496-4DC6-98E8-163BE523B1D0}.Release|Any CPU.ActiveCfg = Release|Any CPU
		{C24B7BEF-8496-4DC6-98E8-163BE523B1D0}.Release|Any CPU.Build.0 = Release|Any CPU
	EndGlobalSection
	GlobalSection(SolutionProperties) = preSolution
		HideSolutionNode = FALSE
	EndGlobalSection
	GlobalSection(ExtensibilityGlobals) = postSolution
		SolutionGuid = {1EFB2602-7A57-44ED-AAAD-EADD9BB8FA85}
	EndGlobalSection
EndGlobal
